{
	"name": "solarnetwork-example-node-datum-loader",
	"version": "1.1.0",
	"lockfileVersion": 3,
	"requires": true,
	"packages": {
		"": {
			"name": "solarnetwork-example-node-datum-loader",
			"version": "1.1.0",
			"license": "Apache-2.0",
			"dependencies": {
				"ascii-table3": "^0.9.0",
				"node-getopt": "^0.3.x",
				"solarnetwork-api-core": "^3.0.0",
				"solarnetwork-datum-loader": "SolarNetwork/sn-datum-loader-js#develop"
			},
			"engines": {
				"node": ">=20"
			}
		},
		"node_modules/ascii-table3": {
			"version": "0.9.0",
			"license": "Apache-2.0",
			"dependencies": {
				"printable-characters": "^1.0.42"
			},
			"engines": {
				"node": ">=11.14.0"
			}
		},
		"node_modules/crypto-js": {
			"version": "4.2.0",
			"license": "MIT"
		},
		"node_modules/d3-array": {
			"version": "3.2.4",
			"license": "ISC",
			"dependencies": {
				"internmap": "1 - 2"
			},
			"engines": {
				"node": ">=12"
			}
		},
		"node_modules/d3-collection": {
			"version": "1.0.7",
			"license": "BSD-3-Clause"
		},
		"node_modules/d3-queue": {
			"version": "3.0.7",
			"license": "BSD-3-Clause"
		},
		"node_modules/d3-time": {
			"version": "3.1.0",
			"license": "ISC",
			"dependencies": {
				"d3-array": "2 - 3"
			},
			"engines": {
				"node": ">=12"
			}
		},
		"node_modules/d3-time-format": {
			"version": "4.1.0",
			"license": "ISC",
			"dependencies": {
				"d3-time": "1 - 3"
			},
			"engines": {
				"node": ">=12"
			}
		},
		"node_modules/internmap": {
			"version": "2.0.3",
			"license": "ISC",
			"engines": {
				"node": ">=12"
			}
		},
		"node_modules/node-getopt": {
			"version": "0.3.2",
			"license": "MIT",
			"engines": {
				"node": ">= 0.6.0"
			}
		},
		"node_modules/printable-characters": {
			"version": "1.0.42",
			"license": "Unlicense"
		},
		"node_modules/punycode": {
			"version": "2.3.1",
			"license": "MIT",
			"engines": {
				"node": ">=6"
			}
		},
		"node_modules/solarnetwork-api-core": {
			"version": "3.0.0",
			"resolved": "https://registry.npmjs.org/solarnetwork-api-core/-/solarnetwork-api-core-3.0.0.tgz",
			"integrity": "sha512-anCGO4ApPwWOpIzbaTPxszlN6WGQ2FlK1ekZbFaH7dgNRN5+0an2OnSligse+U4hSPMz6tTe6bAnmpe9zcbJ5Q==",
			"license": "Apache-2.0",
			"dependencies": {
				"crypto-js": "^4.2.0",
				"d3-array": "^3.2.4",
				"d3-collection": "^1.0.7",
				"d3-time-format": "^4.1.0",
				"uri-js": "^4.4.1"
			},
			"engines": {
				"node": ">=17"
			}
		},
		"node_modules/solarnetwork-datum-loader": {
			"version": "2.0.4-dev.0",
			"resolved": "git+ssh://git@github.com/SolarNetwork/sn-datum-loader-js.git#d7b30fa358d140b5c375e06d74f0a5b034986572",
			"license": "Apache-2.0",
			"dependencies": {
				"d3-queue": "^3.0.7"
			},
			"engines": {
				"node": ">=18"
			},
			"peerDependencies": {
				"solarnetwork-api-core": ">=3"
			}
		},
		"node_modules/uri-js": {
			"version": "4.4.1",
			"license": "BSD-2-Clause",
			"dependencies": {
				"punycode": "^2.1.0"
			}
		}
	}
}
